{
  "name": "proptypes",
  "lockfileVersion": 2,
  "requires": true,
  "packages": {
    "": {
      "dependencies": {
        "prop-type": "^0.0.1"
      }
    },
    "node_modules/prop-type": {
      "version": "0.0.1",
      "resolved": "https://registry.npmjs.org/prop-type/-/prop-type-0.0.1.tgz",
      "integrity": "sha1-SiETWcxiL30tHu4U00r7ff5+pk4=",
      "deprecated": "this package is no longer maintained and propably broken"
    }
  },
  "dependencies": {
    "prop-type": {
      "version": "0.0.1",
      "resolved": "https://registry.npmjs.org/prop-type/-/prop-type-0.0.1.tgz",
      "integrity": "sha1-SiETWcxiL30tHu4U00r7ff5+pk4="
    }
  }
}
